
Microsoft Visual Studio Solution File, Format Version 12.00
# Visual Studio 15
VisualStudioVersion = 15.0.27703.2042
MinimumVisualStudioVersion = 10.0.40219.1
Project("{9A19103F-16F7-4668-BE54-9A1E7A4F7556}") = "AtriaNotificationApp.API", "AtriaNotificationApp.API\AtriaNotificationApp.API.csproj", "{60A76254-3B0C-4D8D-9628-52A577EA9EC8}"
EndProject
Project("{9A19103F-16F7-4668-BE54-9A1E7A4F7556}") = "AtriaNotificationApp.BL", "AtriaNotificationApp.BL\AtriaNotificationApp.BL.csproj", "{4949D772-70C7-433E-8508-6673E4DB7C72}"
EndProject
Project("{9A19103F-16F7-4668-BE54-9A1E7A4F7556}") = "AtriaNotificationApp.Common", "AtriaNotificationApp.Common\AtriaNotificationApp.Common.csproj", "{65663230-D559-4311-A871-25A8460C47F0}"
EndProject
Project("{9A19103F-16F7-4668-BE54-9A1E7A4F7556}") = "AtriaNotificationApp.DAL", "AtriaNotificationApp.DAL\AtriaNotificationApp.DAL.csproj", "{64EAA56D-E7CF-4636-90FC-8144593BF74A}"
EndProject
Project("{9A19103F-16F7-4668-BE54-9A1E7A4F7556}") = "AtriaNotificationApp.Tests", "AtriaNotificationApp.Tests\AtriaNotificationApp.Tests.csproj", "{B0E2FE0B-F947-442A-88BA-DFEEA65FEFEF}"
EndProject
Project("{9A19103F-16F7-4668-BE54-9A1E7A4F7556}") = "AtriaNotificationApp.DomainModel", "AtriaNotificationApp.DomainModel\AtriaNotificationApp.DomainModel.csproj", "{822D8DC4-80DA-499C-8240-91EB25272C67}"
EndProject
Global
	GlobalSection(SolutionConfigurationPlatforms) = preSolution
		Debug|Any CPU = Debug|Any CPU
		Release|Any CPU = Release|Any CPU
	EndGlobalSection
	GlobalSection(ProjectConfigurationPlatforms) = postSolution
		{60A76254-3B0C-4D8D-9628-52A577EA9EC8}.Debug|Any CPU.ActiveCfg = Debug|Any CPU
		{60A76254-3B0C-4D8D-9628-52A577EA9EC8}.Debug|Any CPU.Build.0 = Debug|Any CPU
		{60A76254-3B0C-4D8D-9628-52A577EA9EC8}.Release|Any CPU.ActiveCfg = Release|Any CPU
		{60A76254-3B0C-4D8D-9628-52A577EA9EC8}.Release|Any CPU.Build.0 = Release|Any CPU
		{4949D772-70C7-433E-8508-6673E4DB7C72}.Debug|Any CPU.ActiveCfg = Debug|Any CPU
		{4949D772-70C7-433E-8508-6673E4DB7C72}.Debug|Any CPU.Build.0 = Debug|Any CPU
		{4949D772-70C7-433E-8508-6673E4DB7C72}.Release|Any CPU.ActiveCfg = Release|Any CPU
		{4949D772-70C7-433E-8508-6673E4DB7C72}.Release|Any CPU.Build.0 = Release|Any CPU
		{65663230-D559-4311-A871-25A8460C47F0}.Debug|Any CPU.ActiveCfg = Debug|Any CPU
		{65663230-D559-4311-A871-25A8460C47F0}.Debug|Any CPU.Build.0 = Debug|Any CPU
		{65663230-D559-4311-A871-25A8460C47F0}.Release|Any CPU.ActiveCfg = Release|Any CPU
		{65663230-D559-4311-A871-25A8460C47F0}.Release|Any CPU.Build.0 = Release|Any CPU
		{64EAA56D-E7CF-4636-90FC-8144593BF74A}.Debug|Any CPU.ActiveCfg = Debug|Any CPU
		{64EAA56D-E7CF-4636-90FC-8144593BF74A}.Debug|Any CPU.Build.0 = Debug|Any CPU
		{64EAA56D-E7CF-4636-90FC-8144593BF74A}.Release|Any CPU.ActiveCfg = Release|Any CPU
		{64EAA56D-E7CF-4636-90FC-8144593BF74A}.Release|Any CPU.Build.0 = Release|Any CPU
		{B0E2FE0B-F947-442A-88BA-DFEEA65FEFEF}.Debug|Any CPU.ActiveCfg = Debug|Any CPU
		{B0E2FE0B-F947-442A-88BA-DFEEA65FEFEF}.Debug|Any CPU.Build.0 = Debug|Any CPU
		{B0E2FE0B-F947-442A-88BA-DFEEA65FEFEF}.Release|Any CPU.ActiveCfg = Release|Any CPU
		{B0E2FE0B-F947-442A-88BA-DFEEA65FEFEF}.Release|Any CPU.Build.0 = Release|Any CPU
		{822D8DC4-80DA-499C-8240-91EB25272C67}.Debug|Any CPU.ActiveCfg = Debug|Any CPU
		{822D8DC4-80DA-499C-8240-91EB25272C67}.Debug|Any CPU.Build.0 = Debug|Any CPU
		{822D8DC4-80DA-499C-8240-91EB25272C67}.Release|Any CPU.ActiveCfg = Release|Any CPU
		{822D8DC4-80DA-499C-8240-91EB25272C67}.Release|Any CPU.Build.0 = Release|Any CPU
	EndGlobalSection
	GlobalSection(SolutionProperties) = preSolution
		HideSolutionNode = FALSE
	EndGlobalSection
	GlobalSection(ExtensibilityGlobals) = postSolution
		SolutionGuid = {F3C80074-63C8-41F6-BE73-BC3147ABF508}
	EndGlobalSection
EndGlobal
